
Microsoft Visual Studio Solution File, Format Version 11.00
# Visual C++ Express 2010
Project("{8BC9CEB8-8B4A-11D0-8D11-00A0C91BC942}") = "11-2_1", "11-2_1\11-2_1.vcxproj", "{C1B0BE9A-7BFB-4498-AAD1-36F22304E0B1}"
EndProject
Global
	GlobalSection(SolutionConfigurationPlatforms) = preSolution
		Debug|Win32 = Debug|Win32
		Release|Win32 = Release|Win32
	EndGlobalSection
	GlobalSection(ProjectConfigurationPlatforms) = postSolution
		{C1B0BE9A-7BFB-4498-AAD1-36F22304E0B1}.Debug|Win32.ActiveCfg = Debug|Win32
		{C1B0BE9A-7BFB-4498-AAD1-36F22304E0B1}.Debug|Win32.Build.0 = Debug|Win32
		{C1B0BE9A-7BFB-4498-AAD1-36F22304E0B1}.Release|Win32.ActiveCfg = Release|Win32
		{C1B0BE9A-7BFB-4498-AAD1-36F22304E0B1}.Release|Win32.Build.0 = Release|Win32
	EndGlobalSection
	GlobalSection(SolutionProperties) = preSolution
		HideSolutionNode = FALSE
	EndGlobalSection
EndGlobal
