
Microsoft Visual Studio Solution File, Format Version 11.00
# Visual C++ Express 2010
Project("{8BC9CEB8-8B4A-11D0-8D11-00A0C91BC942}") = "11-2_2", "11-2_2\11-2_2.vcxproj", "{BC49BB29-FE03-40CC-B10F-136F0279B36D}"
EndProject
Global
	GlobalSection(SolutionConfigurationPlatforms) = preSolution
		Debug|Win32 = Debug|Win32
		Release|Win32 = Release|Win32
	EndGlobalSection
	GlobalSection(ProjectConfigurationPlatforms) = postSolution
		{BC49BB29-FE03-40CC-B10F-136F0279B36D}.Debug|Win32.ActiveCfg = Debug|Win32
		{BC49BB29-FE03-40CC-B10F-136F0279B36D}.Debug|Win32.Build.0 = Debug|Win32
		{BC49BB29-FE03-40CC-B10F-136F0279B36D}.Release|Win32.ActiveCfg = Release|Win32
		{BC49BB29-FE03-40CC-B10F-136F0279B36D}.Release|Win32.Build.0 = Release|Win32
	EndGlobalSection
	GlobalSection(SolutionProperties) = preSolution
		HideSolutionNode = FALSE
	EndGlobalSection
EndGlobal
