
Microsoft Visual Studio Solution File, Format Version 11.00
# Visual C++ Express 2010
Project("{8BC9CEB8-8B4A-11D0-8D11-00A0C91BC942}") = "sphere", "sphere\sphere.vcxproj", "{8684063B-CBDE-4FA6-A5A0-FEB563ACDEAB}"
EndProject
Global
	GlobalSection(SolutionConfigurationPlatforms) = preSolution
		Debug|Win32 = Debug|Win32
		Release|Win32 = Release|Win32
	EndGlobalSection
	GlobalSection(ProjectConfigurationPlatforms) = postSolution
		{8684063B-CBDE-4FA6-A5A0-FEB563ACDEAB}.Debug|Win32.ActiveCfg = Debug|Win32
		{8684063B-CBDE-4FA6-A5A0-FEB563ACDEAB}.Debug|Win32.Build.0 = Debug|Win32
		{8684063B-CBDE-4FA6-A5A0-FEB563ACDEAB}.Release|Win32.ActiveCfg = Release|Win32
		{8684063B-CBDE-4FA6-A5A0-FEB563ACDEAB}.Release|Win32.Build.0 = Release|Win32
	EndGlobalSection
	GlobalSection(SolutionProperties) = preSolution
		HideSolutionNode = FALSE
	EndGlobalSection
EndGlobal
