
Microsoft Visual Studio Solution File, Format Version 11.00
# Visual C++ Express 2010
Project("{8BC9CEB8-8B4A-11D0-8D11-00A0C91BC942}") = "11-2_3", "11-2_3\11-2_3.vcxproj", "{10959E20-F71B-43D6-83AF-21EDB5571F74}"
EndProject
Global
	GlobalSection(SolutionConfigurationPlatforms) = preSolution
		Debug|Win32 = Debug|Win32
		Release|Win32 = Release|Win32
	EndGlobalSection
	GlobalSection(ProjectConfigurationPlatforms) = postSolution
		{10959E20-F71B-43D6-83AF-21EDB5571F74}.Debug|Win32.ActiveCfg = Debug|Win32
		{10959E20-F71B-43D6-83AF-21EDB5571F74}.Debug|Win32.Build.0 = Debug|Win32
		{10959E20-F71B-43D6-83AF-21EDB5571F74}.Release|Win32.ActiveCfg = Release|Win32
		{10959E20-F71B-43D6-83AF-21EDB5571F74}.Release|Win32.Build.0 = Release|Win32
	EndGlobalSection
	GlobalSection(SolutionProperties) = preSolution
		HideSolutionNode = FALSE
	EndGlobalSection
EndGlobal
